
Microsoft Visual Studio Solution File, Format Version 12.00
# Visual Studio Version 16
VisualStudioVersion = 16.0.31205.134
MinimumVisualStudioVersion = 10.0.40219.1
Project("{FAE04EC0-301F-11D3-BF4B-00C04F79EFBC}") = "ContosoCrafts.WebSite", "ContosoCrafts.WebSite\ContosoCrafts.WebSite.csproj", "{CC5CFC20-B8C6-4887-8010-4949C3D5FF91}"
EndProject
Global
	GlobalSection(SolutionConfigurationPlatforms) = preSolution
		Debug|Any CPU = Debug|Any CPU
		Release|Any CPU = Release|Any CPU
	EndGlobalSection
	GlobalSection(ProjectConfigurationPlatforms) = postSolution
		{CC5CFC20-B8C6-4887-8010-4949C3D5FF91}.Debug|Any CPU.ActiveCfg = Debug|Any CPU
		{CC5CFC20-B8C6-4887-8010-4949C3D5FF91}.Debug|Any CPU.Build.0 = Debug|Any CPU
		{CC5CFC20-B8C6-4887-8010-4949C3D5FF91}.Release|Any CPU.ActiveCfg = Release|Any CPU
		{CC5CFC20-B8C6-4887-8010-4949C3D5FF91}.Release|Any CPU.Build.0 = Release|Any CPU
	EndGlobalSection
	GlobalSection(SolutionProperties) = preSolution
		HideSolutionNode = FALSE
	EndGlobalSection
	GlobalSection(ExtensibilityGlobals) = postSolution
		SolutionGuid = {AEF3AFE1-CEAD-4450-A043-D0C0514776CE}
	EndGlobalSection
EndGlobal
